<?xml version="1.0" encoding="utf-8"?>
<Project ToolsVersion="4.0" xmlns="http://schemas.microsoft.com/developer/msbuild/2003">
  <ItemGroup>
    <Filter Include="Source Files">
      <UniqueIdentifier>{4FC737F1-C7A5-4376-A066-2A32D752A2FF}</UniqueIdentifier>
      <Extensions>cpp;c;cc;cxx;c++;cppm;ixx;def;odl;idl;hpj;bat;asm;asmx</Extensions>
    </Filter>
    <Filter Include="Header Files">
      <UniqueIdentifier>{93995380-89BD-4b04-88EB-625FBE52EBFB}</UniqueIdentifier>
      <Extensions>h;hh;hpp;hxx;h++;hm;inl;inc;ipp;xsd</Extensions>
    </Filter>
    <Filter Include="Resource Files">
      <UniqueIdentifier>{67DA6AB6-F800-4c08-8B7A-83BB121AAD01}</UniqueIdentifier>
      <Extensions>rc;ico;cur;bmp;dlg;rc2;rct;bin;rgs;gif;jpg;jpeg;jpe;resx;tiff;tif;png;wav;mfcribbon-ms</Extensions>
    </Filter>
  </ItemGroup>
  <ItemGroup>
    <ClInclude Include="include\features\MemberC\base\ShareBase.h">
      <Filter>Header Files</Filter>
    </ClInclude>
    <ClInclude Include="include\features\MemberC\base\TrashBase.h">
      <Filter>Header Files</Filter>
    </ClInclude>
    <ClInclude Include="include\features\MemberC\DeleteHandler.h">
      <Filter>Header Files</Filter>
    </ClInclude>
    <ClInclude Include="include\features\MemberC\Inbox.h">
      <Filter>Header Files</Filter>
    </ClInclude>
    <ClInclude Include="include\features\MemberC\PermanentDeleteHandler.h">
      <Filter>Header Files</Filter>
    </ClInclude>
    <ClInclude Include="include\features\MemberC\RestoreHandler.h">
      <Filter>Header Files</Filter>
    </ClInclude>
    <ClInclude Include="include\features\MemberC\SecureSharing.h">
      <Filter>Header Files</Filter>
    </ClInclude>
    <ClInclude Include="include\features\MemberC\SecurityCheck.h">
      <Filter>Header Files</Filter>
    </ClInclude>
    <ClInclude Include="include\features\MemberC\TrashViewer.h">
      <Filter>Header Files</Filter>
    </ClInclude>
    <ClInclude Include="include\features\MemberA\AuthClient.h">
      <Filter>Header Files</Filter>
    </ClInclude>
    <ClInclude Include="include\features\MemberA\AuthHandler.h">
      <Filter>Header Files</Filter>
    </ClInclude>
    <ClInclude Include="include\features\MemberA\ConnectionManager.h">
      <Filter>Header Files</Filter>
    </ClInclude>
    <ClInclude Include="include\features\MemberA\LoginHandler.h">
      <Filter>Header Files</Filter>
    </ClInclude>
    <ClInclude Include="include\features\MemberA\PasswordManager.h">
      <Filter>Header Files</Filter>
    </ClInclude>
    <ClInclude Include="include\features\MemberA\RegisterHandler.h">
      <Filter>Header Files</Filter>
    </ClInclude>
    <ClInclude Include="include\features\MemberA\SessionManager.h">
      <Filter>Header Files</Filter>
    </ClInclude>
    <ClInclude Include="include\features\MemberA\UserValidator.h">
      <Filter>Header Files</Filter>
    </ClInclude>
    <ClInclude Include="include\features\MemberA\personal.h">
      <Filter>Header Files</Filter>
    </ClInclude>
  </ItemGroup>
  <ItemGroup>
    <ClCompile Include="src\features\MemberC\DeleteHandler.cpp">
      <Filter>Source Files</Filter>
    </ClCompile>
    <ClCompile Include="src\features\MemberC\RestoreHandler.cpp">
      <Filter>Source Files</Filter>
    </ClCompile>
    <ClCompile Include="src\features\MemberC\SecureSharing.cpp">
      <Filter>Source Files</Filter>
    </ClCompile>
    <ClCompile Include="src\features\MemberC\SecurityCheck.cpp">
      <Filter>Source Files</Filter>
    </ClCompile>
    <ClCompile Include="src\features\MemberC\TrashViewer.cpp">
      <Filter>Source Files</Filter>
    </ClCompile>
    <ClCompile Include="src\features\MemberC\Inbox.cpp">
      <Filter>Source Files</Filter>
    </ClCompile>
    <ClCompile Include="src\features\MemberC\PermanentDeleteHandler.cpp">
      <Filter>Source Files</Filter>
    </ClCompile>
    <ClCompile Include="src\features\MemberC\base\ShareBase.cpp">
      <Filter>Source Files</Filter>
    </ClCompile>
    <ClCompile Include="src\features\MemberC\base\TrashBase.cpp">
      <Filter>Source Files</Filter>
    </ClCompile>
    <ClCompile Include="src\features\MemberA\AuthClient.cpp">
      <Filter>Source Files</Filter>
    </ClCompile>
    <ClCompile Include="src\features\MemberA\AuthHandler.cpp">
      <Filter>Source Files</Filter>
    </ClCompile>
    <ClCompile Include="src\features\MemberA\ConnectionManager.cpp">
      <Filter>Source Files</Filter>
    </ClCompile>
    <ClCompile Include="src\features\MemberA\LoginHandler.cpp">
      <Filter>Source Files</Filter>
    </ClCompile>
    <ClCompile Include="src\features\MemberA\PasswordManager.cpp">
      <Filter>Source Files</Filter>
    </ClCompile>
    <ClCompile Include="src\features\MemberA\RegisterHandler.cpp">
      <Filter>Source Files</Filter>
    </ClCompile>
    <ClCompile Include="src\features\MemberA\SessionManager.cpp">
      <Filter>Source Files</Filter>
    </ClCompile>
    <ClCompile Include="src\features\MemberA\UserValidator.cpp">
      <Filter>Source Files</Filter>
    </ClCompile>
    <ClCompile Include="src\features\MemberA\personal.cpp">
      <Filter>Source Files</Filter>
    </ClCompile>
  </ItemGroup>
</Project>